
Microsoft Visual Studio Solution File, Format Version 12.00
# Visual Studio Version 17
VisualStudioVersion = 17.1.32210.238
MinimumVisualStudioVersion = 10.0.40219.1
Project("{2150E333-8FDC-42A3-9474-1A3956D46DE8}") = "BankingAccount", "BankingAccount", "{B11555B8-6FA2-48CE-85B2-1491C087A4C4}"
EndProject
Project("{2150E333-8FDC-42A3-9474-1A3956D46DE8}") = "Microservices", "Microservices", "{B0914C38-6F57-4687-B590-3C122B097912}"
EndProject
Project("{2150E333-8FDC-42A3-9474-1A3956D46DE8}") = "CQRS", "CQRS", "{5B590480-107B-4D87-82CC-1ADC6CBD0C14}"
EndProject
Project("{2150E333-8FDC-42A3-9474-1A3956D46DE8}") = "Command", "Command", "{4D7797F9-9D9F-4645-B7F6-8B808BF592E8}"
EndProject
Project("{2150E333-8FDC-42A3-9474-1A3956D46DE8}") = "Query", "Query", "{61DF2A28-AF7E-4125-A36E-57E48472727D}"
EndProject
Project("{9A19103F-16F7-4668-BE54-9A1E7A4F7556}") = "Banking.CQRS.Core", "Banking.CQRS.Core\Banking.CQRS.Core.csproj", "{58A8C08A-6DAE-43AD-A08E-170412599A3B}"
EndProject
Project("{2150E333-8FDC-42A3-9474-1A3956D46DE8}") = "Api", "Api", "{7C51888B-3576-45B6-B70D-59EC47608D5F}"
EndProject
Project("{2150E333-8FDC-42A3-9474-1A3956D46DE8}") = "Application", "Application", "{AC5402BC-832A-407E-B40E-1B7F771F689A}"
EndProject
Project("{2150E333-8FDC-42A3-9474-1A3956D46DE8}") = "Domain", "Domain", "{DF2A6B7B-302C-41FE-90B6-CC6A2D7B11D8}"
EndProject
Project("{2150E333-8FDC-42A3-9474-1A3956D46DE8}") = "Infrastructure", "Infrastructure", "{7CDE4973-941B-4E89-99D1-43635EF45EA0}"
EndProject
Project("{9A19103F-16F7-4668-BE54-9A1E7A4F7556}") = "Banking.Account.Command.Domain", "Banking.Account.Command.Domain\Banking.Account.Command.Domain.csproj", "{D9DE859F-5CD2-4CF0-8423-E2D4B1E0CA06}"
EndProject
Project("{FAE04EC0-301F-11D3-BF4B-00C04F79EFBC}") = "Banking.Account.Command.Application", "Banking.Account.Command.Application\Banking.Account.Command.Application.csproj", "{4238269F-2DB9-4919-BE2A-27723AEC5636}"
EndProject
Project("{FAE04EC0-301F-11D3-BF4B-00C04F79EFBC}") = "Banking.Account.Command.Infrastructure", "Banking.Account.Command.Infrastructure\Banking.Account.Command.Infrastructure.csproj", "{9DB71783-67DC-4FBE-A6A2-E891BBF84431}"
EndProject
Global
	GlobalSection(SolutionConfigurationPlatforms) = preSolution
		Debug|Any CPU = Debug|Any CPU
		Release|Any CPU = Release|Any CPU
	EndGlobalSection
	GlobalSection(ProjectConfigurationPlatforms) = postSolution
		{58A8C08A-6DAE-43AD-A08E-170412599A3B}.Debug|Any CPU.ActiveCfg = Debug|Any CPU
		{58A8C08A-6DAE-43AD-A08E-170412599A3B}.Debug|Any CPU.Build.0 = Debug|Any CPU
		{58A8C08A-6DAE-43AD-A08E-170412599A3B}.Release|Any CPU.ActiveCfg = Release|Any CPU
		{58A8C08A-6DAE-43AD-A08E-170412599A3B}.Release|Any CPU.Build.0 = Release|Any CPU
		{D9DE859F-5CD2-4CF0-8423-E2D4B1E0CA06}.Debug|Any CPU.ActiveCfg = Debug|Any CPU
		{D9DE859F-5CD2-4CF0-8423-E2D4B1E0CA06}.Debug|Any CPU.Build.0 = Debug|Any CPU
		{D9DE859F-5CD2-4CF0-8423-E2D4B1E0CA06}.Release|Any CPU.ActiveCfg = Release|Any CPU
		{D9DE859F-5CD2-4CF0-8423-E2D4B1E0CA06}.Release|Any CPU.Build.0 = Release|Any CPU
		{4238269F-2DB9-4919-BE2A-27723AEC5636}.Debug|Any CPU.ActiveCfg = Debug|Any CPU
		{4238269F-2DB9-4919-BE2A-27723AEC5636}.Debug|Any CPU.Build.0 = Debug|Any CPU
		{4238269F-2DB9-4919-BE2A-27723AEC5636}.Release|Any CPU.ActiveCfg = Release|Any CPU
		{4238269F-2DB9-4919-BE2A-27723AEC5636}.Release|Any CPU.Build.0 = Release|Any CPU
		{9DB71783-67DC-4FBE-A6A2-E891BBF84431}.Debug|Any CPU.ActiveCfg = Debug|Any CPU
		{9DB71783-67DC-4FBE-A6A2-E891BBF84431}.Debug|Any CPU.Build.0 = Debug|Any CPU
		{9DB71783-67DC-4FBE-A6A2-E891BBF84431}.Release|Any CPU.ActiveCfg = Release|Any CPU
		{9DB71783-67DC-4FBE-A6A2-E891BBF84431}.Release|Any CPU.Build.0 = Release|Any CPU
	EndGlobalSection
	GlobalSection(SolutionProperties) = preSolution
		HideSolutionNode = FALSE
	EndGlobalSection
	GlobalSection(NestedProjects) = preSolution
		{B0914C38-6F57-4687-B590-3C122B097912} = {B11555B8-6FA2-48CE-85B2-1491C087A4C4}
		{4D7797F9-9D9F-4645-B7F6-8B808BF592E8} = {B0914C38-6F57-4687-B590-3C122B097912}
		{61DF2A28-AF7E-4125-A36E-57E48472727D} = {B0914C38-6F57-4687-B590-3C122B097912}
		{58A8C08A-6DAE-43AD-A08E-170412599A3B} = {5B590480-107B-4D87-82CC-1ADC6CBD0C14}
		{7C51888B-3576-45B6-B70D-59EC47608D5F} = {4D7797F9-9D9F-4645-B7F6-8B808BF592E8}
		{AC5402BC-832A-407E-B40E-1B7F771F689A} = {4D7797F9-9D9F-4645-B7F6-8B808BF592E8}
		{DF2A6B7B-302C-41FE-90B6-CC6A2D7B11D8} = {4D7797F9-9D9F-4645-B7F6-8B808BF592E8}
		{7CDE4973-941B-4E89-99D1-43635EF45EA0} = {4D7797F9-9D9F-4645-B7F6-8B808BF592E8}
		{D9DE859F-5CD2-4CF0-8423-E2D4B1E0CA06} = {DF2A6B7B-302C-41FE-90B6-CC6A2D7B11D8}
		{4238269F-2DB9-4919-BE2A-27723AEC5636} = {AC5402BC-832A-407E-B40E-1B7F771F689A}
		{9DB71783-67DC-4FBE-A6A2-E891BBF84431} = {7CDE4973-941B-4E89-99D1-43635EF45EA0}
	EndGlobalSection
	GlobalSection(ExtensibilityGlobals) = postSolution
		SolutionGuid = {9DC81066-7BC8-40E5-A947-B040091874BF}
	EndGlobalSection
EndGlobal
